// !$*UTF8*$!
{
	archiveVersion = 1;
	classes = {
	};
	objectVersion = 50;
	objects = {

/* Begin PBXBuildFile section */
		6C4A220021B3A07600869FCD /* AppDelegate.swift in Sources */ = {isa = PBXBuildFile; fileRef = 6C4A21FF21B3A07600869FCD /* AppDelegate.swift */; };
		6C4A220221B3A07600869FCD /* ViewController.swift in Sources */ = {isa = PBXBuildFile; fileRef = 6C4A220121B3A07600869FCD /* ViewController.swift */; };
		6C4A220521B3A07600869FCD /* Main.storyboard in Resources */ = {isa = PBXBuildFile; fileRef = 6C4A220321B3A07600869FCD /* Main.storyboard */; };
		6C4A220721B3A07700869FCD /* Assets.xcassets in Resources */ = {isa = PBXBuildFile; fileRef = 6C4A220621B3A07700869FCD /* Assets.xcassets */; };
		6C4A220A21B3A07700869FCD /* LaunchScreen.storyboard in Resources */ = {isa = PBXBuildFile; fileRef = 6C4A220821B3A07700869FCD /* LaunchScreen.storyboard */; };
		6C4A221521B3A07700869FCD /* DonationsTests.swift in Sources */ = {isa = PBXBuildFile; fileRef = 6C4A221421B3A07700869FCD /* DonationsTests.swift */; };
		6C4A222021B3A07700869FCD /* DonationsUITests.swift in Sources */ = {isa = PBXBuildFile; fileRef = 6C4A221F21B3A07700869FCD /* DonationsUITests.swift */; };
		6C4A222E21B3A34700869FCD /* LoginViewController.swift in Sources */ = {isa = PBXBuildFile; fileRef = 6C4A222D21B3A34700869FCD /* LoginViewController.swift */; };
		6C4A223021B3A35A00869FCD /* RegistrationViewController.swift in Sources */ = {isa = PBXBuildFile; fileRef = 6C4A222F21B3A35A00869FCD /* RegistrationViewController.swift */; };
		6C4A22AC21B6328700869FCD /* MapViewController.swift in Sources */ = {isa = PBXBuildFile; fileRef = 6C4A22AB21B6328700869FCD /* MapViewController.swift */; };
/* End PBXBuildFile section */

/* Begin PBXContainerItemProxy section */
		6C4A221121B3A07700869FCD /* PBXContainerItemProxy */ = {
			isa = PBXContainerItemProxy;
			containerPortal = 6C4A21F421B3A07600869FCD /* Project object */;
			proxyType = 1;
			remoteGlobalIDString = 6C4A21FB21B3A07600869FCD;
			remoteInfo = Donations;
		};
		6C4A221C21B3A07700869FCD /* PBXContainerItemProxy */ = {
			isa = PBXContainerItemProxy;
			containerPortal = 6C4A21F421B3A07600869FCD /* Project object */;
			proxyType = 1;
			remoteGlobalIDString = 6C4A21FB21B3A07600869FCD;
			remoteInfo = Donations;
		};
/* End PBXContainerItemProxy section */

/* Begin PBXFileReference section */
		6C4A21FC21B3A07600869FCD /* Donations.app */ = {isa = PBXFileReference; explicitFileType = wrapper.application; includeInIndex = 0; path = Donations.app; sourceTree = BUILT_PRODUCTS_DIR; };
		6C4A21FF21B3A07600869FCD /* AppDelegate.swift */ = {isa = PBXFileReference; lastKnownFileType = sourcecode.swift; path = AppDelegate.swift; sourceTree = "<group>"; };
		6C4A220121B3A07600869FCD /* ViewController.swift */ = {isa = PBXFileReference; lastKnownFileType = sourcecode.swift; path = ViewController.swift; sourceTree = "<group>"; };
		6C4A220421B3A07600869FCD /* Base */ = {isa = PBXFileReference; lastKnownFileType = file.storyboard; name = Base; path = Base.lproj/Main.storyboard; sourceTree = "<group>"; };
		6C4A220621B3A07700869FCD /* Assets.xcassets */ = {isa = PBXFileReference; lastKnownFileType = folder.assetcatalog; path = Assets.xcassets; sourceTree = "<group>"; };
		6C4A220921B3A07700869FCD /* Base */ = {isa = PBXFileReference; lastKnownFileType = file.storyboard; name = Base; path = Base.lproj/LaunchScreen.storyboard; sourceTree = "<group>"; };
		6C4A220B21B3A07700869FCD /* Info.plist */ = {isa = PBXFileReference; lastKnownFileType = text.plist.xml; path = Info.plist; sourceTree = "<group>"; };
		6C4A221021B3A07700869FCD /* DonationsTests.xctest */ = {isa = PBXFileReference; explicitFileType = wrapper.cfbundle; includeInIndex = 0; path = DonationsTests.xctest; sourceTree = BUILT_PRODUCTS_DIR; };
		6C4A221421B3A07700869FCD /* DonationsTests.swift */ = {isa = PBXFileReference; lastKnownFileType = sourcecode.swift; path = DonationsTests.swift; sourceTree = "<group>"; };
		6C4A221621B3A07700869FCD /* Info.plist */ = {isa = PBXFileReference; lastKnownFileType = text.plist.xml; path = Info.plist; sourceTree = "<group>"; };
		6C4A221B21B3A07700869FCD /* DonationsUITests.xctest */ = {isa = PBXFileReference; explicitFileType = wrapper.cfbundle; includeInIndex = 0; path = DonationsUITests.xctest; sourceTree = BUILT_PRODUCTS_DIR; };
		6C4A221F21B3A07700869FCD /* DonationsUITests.swift */ = {isa = PBXFileReference; lastKnownFileType = sourcecode.swift; path = DonationsUITests.swift; sourceTree = "<group>"; };
		6C4A222121B3A07700869FCD /* Info.plist */ = {isa = PBXFileReference; lastKnownFileType = text.plist.xml; path = Info.plist; sourceTree = "<group>"; };
		6C4A222D21B3A34700869FCD /* LoginViewController.swift */ = {isa = PBXFileReference; lastKnownFileType = sourcecode.swift; path = LoginViewController.swift; sourceTree = "<group>"; };
		6C4A222F21B3A35A00869FCD /* RegistrationViewController.swift */ = {isa = PBXFileReference; lastKnownFileType = sourcecode.swift; path = RegistrationViewController.swift; sourceTree = "<group>"; };
		6C4A22AB21B6328700869FCD /* MapViewController.swift */ = {isa = PBXFileReference; lastKnownFileType = sourcecode.swift; path = MapViewController.swift; sourceTree = "<group>"; };
		6C4A22AD21B6367000869FCD /* Alpha Xi Delta Location.gpx */ = {isa = PBXFileReference; lastKnownFileType = text.xml; path = "Alpha Xi Delta Location.gpx"; sourceTree = "<group>"; };
/* End PBXFileReference section */

/* Begin PBXFrameworksBuildPhase section */
		6C4A21F921B3A07600869FCD /* Frameworks */ = {
			isa = PBXFrameworksBuildPhase;
			buildActionMask = 2147483647;
			files = (
			);
			runOnlyForDeploymentPostprocessing = 0;
		};
		6C4A220D21B3A07700869FCD /* Frameworks */ = {
			isa = PBXFrameworksBuildPhase;
			buildActionMask = 2147483647;
			files = (
			);
			runOnlyForDeploymentPostprocessing = 0;
		};
		6C4A221821B3A07700869FCD /* Frameworks */ = {
			isa = PBXFrameworksBuildPhase;
			buildActionMask = 2147483647;
			files = (
			);
			runOnlyForDeploymentPostprocessing = 0;
		};
/* End PBXFrameworksBuildPhase section */

/* Begin PBXGroup section */
		6C4A21F321B3A07600869FCD = {
			isa = PBXGroup;
			children = (
				6C4A21FE21B3A07600869FCD /* Donations */,
				6C4A221321B3A07700869FCD /* DonationsTests */,
				6C4A221E21B3A07700869FCD /* DonationsUITests */,
				6C4A21FD21B3A07600869FCD /* Products */,
			);
			sourceTree = "<group>";
		};
		6C4A21FD21B3A07600869FCD /* Products */ = {
			isa = PBXGroup;
			children = (
				6C4A21FC21B3A07600869FCD /* Donations.app */,
				6C4A221021B3A07700869FCD /* DonationsTests.xctest */,
				6C4A221B21B3A07700869FCD /* DonationsUITests.xctest */,
			);
			name = Products;
			sourceTree = "<group>";
		};
		6C4A21FE21B3A07600869FCD /* Donations */ = {
			isa = PBXGroup;
			children = (
				6C4A21FF21B3A07600869FCD /* AppDelegate.swift */,
				6C4A220121B3A07600869FCD /* ViewController.swift */,
				6C4A220321B3A07600869FCD /* Main.storyboard */,
				6C4A220621B3A07700869FCD /* Assets.xcassets */,
				6C4A22AD21B6367000869FCD /* Alpha Xi Delta Location.gpx */,
				6C4A220821B3A07700869FCD /* LaunchScreen.storyboard */,
				6C4A220B21B3A07700869FCD /* Info.plist */,
				6C4A222D21B3A34700869FCD /* LoginViewController.swift */,
				6C4A222F21B3A35A00869FCD /* RegistrationViewController.swift */,
				6C4A22AB21B6328700869FCD /* MapViewController.swift */,
			);
			path = Donations;
			sourceTree = "<group>";
		};
		6C4A221321B3A07700869FCD /* DonationsTests */ = {
			isa = PBXGroup;
			children = (
				6C4A221421B3A07700869FCD /* DonationsTests.swift */,
				6C4A221621B3A07700869FCD /* Info.plist */,
			);
			path = DonationsTests;
			sourceTree = "<group>";
		};
		6C4A221E21B3A07700869FCD /* DonationsUITests */ = {
			isa = PBXGroup;
			children = (
				6C4A221F21B3A07700869FCD /* DonationsUITests.swift */,
				6C4A222121B3A07700869FCD /* Info.plist */,
			);
			path = DonationsUITests;
			sourceTree = "<group>";
		};
/* End PBXGroup section */

/* Begin PBXNativeTarget section */
		6C4A21FB21B3A07600869FCD /* Donations */ = {
			isa = PBXNativeTarget;
			buildConfigurationList = 6C4A222421B3A07700869FCD /* Build configuration list for PBXNativeTarget "Donations" */;
			buildPhases = (
				6C4A21F821B3A07600869FCD /* Sources */,
				6C4A21F921B3A07600869FCD /* Frameworks */,
				6C4A21FA21B3A07600869FCD /* Resources */,
			);
			buildRules = (
			);
			dependencies = (
			);
			name = Donations;
			productName = Donations;
			productReference = 6C4A21FC21B3A07600869FCD /* Donations.app */;
			productType = "com.apple.product-type.application";
		};
		6C4A220F21B3A07700869FCD /* DonationsTests */ = {
			isa = PBXNativeTarget;
			buildConfigurationList = 6C4A222721B3A07700869FCD /* Build configuration list for PBXNativeTarget "DonationsTests" */;
			buildPhases = (
				6C4A220C21B3A07700869FCD /* Sources */,
				6C4A220D21B3A07700869FCD /* Frameworks */,
				6C4A220E21B3A07700869FCD /* Resources */,
			);
			buildRules = (
			);
			dependencies = (
				6C4A221221B3A07700869FCD /* PBXTargetDependency */,
			);
			name = DonationsTests;
			productName = DonationsTests;
			productReference = 6C4A221021B3A07700869FCD /* DonationsTests.xctest */;
			productType = "com.apple.product-type.bundle.unit-test";
		};
		6C4A221A21B3A07700869FCD /* DonationsUITests */ = {
			isa = PBXNativeTarget;
			buildConfigurationList = 6C4A222A21B3A07700869FCD /* Build configuration list for PBXNativeTarget "DonationsUITests" */;
			buildPhases = (
				6C4A221721B3A07700869FCD /* Sources */,
				6C4A221821B3A07700869FCD /* Frameworks */,
				6C4A221921B3A07700869FCD /* Resources */,
			);
			buildRules = (
			);
			dependencies = (
				6C4A221D21B3A07700869FCD /* PBXTargetDependency */,
			);
			name = DonationsUITests;
			productName = DonationsUITests;
			productReference = 6C4A221B21B3A07700869FCD /* DonationsUITests.xctest */;
			productType = "com.apple.product-type.bundle.ui-testing";
		};
/* End PBXNativeTarget section */

/* Begin PBXProject section */
		6C4A21F421B3A07600869FCD /* Project object */ = {
			isa = PBXProject;
			attributes = {
				LastSwiftUpdateCheck = 1010;
				LastUpgradeCheck = 1010;
				ORGANIZATIONNAME = "Jessie Tepper";
				TargetAttributes = {
					6C4A21FB21B3A07600869FCD = {
						CreatedOnToolsVersion = 10.1;
					};
					6C4A220F21B3A07700869FCD = {
						CreatedOnToolsVersion = 10.1;
						TestTargetID = 6C4A21FB21B3A07600869FCD;
					};
					6C4A221A21B3A07700869FCD = {
						CreatedOnToolsVersion = 10.1;
						TestTargetID = 6C4A21FB21B3A07600869FCD;
					};
				};
			};
			buildConfigurationList = 6C4A21F721B3A07600869FCD /* Build configuration list for PBXProject "Donations" */;
			compatibilityVersion = "Xcode 9.3";
			developmentRegion = en;
			hasScannedForEncodings = 0;
			knownRegions = (
				en,
				Base,
			);
			mainGroup = 6C4A21F321B3A07600869FCD;
			productRefGroup = 6C4A21FD21B3A07600869FCD /* Products */;
			projectDirPath = "";
			projectRoot = "";
			targets = (
				6C4A21FB21B3A07600869FCD /* Donations */,
				6C4A220F21B3A07700869FCD /* DonationsTests */,
				6C4A221A21B3A07700869FCD /* DonationsUITests */,
			);
		};
/* End PBXProject section */

/* Begin PBXResourcesBuildPhase section */
		6C4A21FA21B3A07600869FCD /* Resources */ = {
			isa = PBXResourcesBuildPhase;
			buildActionMask = 2147483647;
			files = (
				6C4A220A21B3A07700869FCD /* LaunchScreen.storyboard in Resources */,
				6C4A220721B3A07700869FCD /* Assets.xcassets in Resources */,
				6C4A220521B3A07600869FCD /* Main.storyboard in Resources */,
			);
			runOnlyForDeploymentPostprocessing = 0;
		};
		6C4A220E21B3A07700869FCD /* Resources */ = {
			isa = PBXResourcesBuildPhase;
			buildActionMask = 2147483647;
			files = (
			);
			runOnlyForDeploymentPostprocessing = 0;
		};
		6C4A221921B3A07700869FCD /* Resources */ = {
			isa = PBXResourcesBuildPhase;
			buildActionMask = 2147483647;
			files = (
			);
			runOnlyForDeploymentPostprocessing = 0;
		};
/* End PBXResourcesBuildPhase section */

/* Begin PBXSourcesBuildPhase section */
		6C4A21F821B3A07600869FCD /* Sources */ = {
			isa = PBXSourcesBuildPhase;
			buildActionMask = 2147483647;
			files = (
				6C4A222E21B3A34700869FCD /* LoginViewController.swift in Sources */,
				6C4A220221B3A07600869FCD /* ViewController.swift in Sources */,
				6C4A223021B3A35A00869FCD /* RegistrationViewController.swift in Sources */,
				6C4A22AC21B6328700869FCD /* MapViewController.swift in Sources */,
				6C4A220021B3A07600869FCD /* AppDelegate.swift in Sources */,
			);
			runOnlyForDeploymentPostprocessing = 0;
		};
		6C4A220C21B3A07700869FCD /* Sources */ = {
			isa = PBXSourcesBuildPhase;
			buildActionMask = 2147483647;
			files = (
				6C4A221521B3A07700869FCD /* DonationsTests.swift in Sources */,
			);
			runOnlyForDeploymentPostprocessing = 0;
		};
		6C4A221721B3A07700869FCD /* Sources */ = {
			isa = PBXSourcesBuildPhase;
			buildActionMask = 2147483647;
			files = (
				6C4A222021B3A07700869FCD /* DonationsUITests.swift in Sources */,
			);
			runOnlyForDeploymentPostprocessing = 0;
		};
/* End PBXSourcesBuildPhase section */

/* Begin PBXTargetDependency section */
		6C4A221221B3A07700869FCD /* PBXTargetDependency */ = {
			isa = PBXTargetDependency;
			target = 6C4A21FB21B3A07600869FCD /* Donations */;
			targetProxy = 6C4A221121B3A07700869FCD /* PBXContainerItemProxy */;
		};
		6C4A221D21B3A07700869FCD /* PBXTargetDependency */ = {
			isa = PBXTargetDependency;
			target = 6C4A21FB21B3A07600869FCD /* Donations */;
			targetProxy = 6C4A221C21B3A07700869FCD /* PBXContainerItemProxy */;
		};
/* End PBXTargetDependency section */

/* Begin PBXVariantGroup section */
		6C4A220321B3A07600869FCD /* Main.storyboard */ = {
			isa = PBXVariantGroup;
			children = (
				6C4A220421B3A07600869FCD /* Base */,
			);
			name = Main.storyboard;
			sourceTree = "<group>";
		};
		6C4A220821B3A07700869FCD /* LaunchScreen.storyboard */ = {
			isa = PBXVariantGroup;
			children = (
				6C4A220921B3A07700869FCD /* Base */,
			);
			name = LaunchScreen.storyboard;
			sourceTree = "<group>";
		};
/* End PBXVariantGroup section */

/* Begin XCBuildConfiguration section */
		6C4A222221B3A07700869FCD /* Debug */ = {
			isa = XCBuildConfiguration;
			buildSettings = {
				ALWAYS_SEARCH_USER_PATHS = NO;
				CLANG_ANALYZER_NONNULL = YES;
				CLANG_ANALYZER_NUMBER_OBJECT_CONVERSION = YES_AGGRESSIVE;
				CLANG_CXX_LANGUAGE_STANDARD = "gnu++14";
				CLANG_CXX_LIBRARY = "libc++";
				CLANG_ENABLE_MODULES = YES;
				CLANG_ENABLE_OBJC_ARC = YES;
				CLANG_ENABLE_OBJC_WEAK = YES;
				CLANG_WARN_BLOCK_CAPTURE_AUTORELEASING = YES;
				CLANG_WARN_BOOL_CONVERSION = YES;
				CLANG_WARN_COMMA = YES;
				CLANG_WARN_CONSTANT_CONVERSION = YES;
				CLANG_WARN_DEPRECATED_OBJC_IMPLEMENTATIONS = YES;
				CLANG_WARN_DIRECT_OBJC_ISA_USAGE = YES_ERROR;
				CLANG_WARN_DOCUMENTATION_COMMENTS = YES;
				CLANG_WARN_EMPTY_BODY = YES;
				CLANG_WARN_ENUM_CONVERSION = YES;
				CLANG_WARN_INFINITE_RECURSION = YES;
				CLANG_WARN_INT_CONVERSION = YES;
				CLANG_WARN_NON_LITERAL_NULL_CONVERSION = YES;
				CLANG_WARN_OBJC_IMPLICIT_RETAIN_SELF = YES;
				CLANG_WARN_OBJC_LITERAL_CONVERSION = YES;
				CLANG_WARN_OBJC_ROOT_CLASS = YES_ERROR;
				CLANG_WARN_RANGE_LOOP_ANALYSIS = YES;
				CLANG_WARN_STRICT_PROTOTYPES = YES;
				CLANG_WARN_SUSPICIOUS_MOVE = YES;
				CLANG_WARN_UNGUARDED_AVAILABILITY = YES_AGGRESSIVE;
				CLANG_WARN_UNREACHABLE_CODE = YES;
				CLANG_WARN__DUPLICATE_METHOD_MATCH = YES;
				CODE_SIGN_IDENTITY = "iPhone Developer";
				COPY_PHASE_STRIP = NO;
				DEBUG_INFORMATION_FORMAT = dwarf;
				ENABLE_STRICT_OBJC_MSGSEND = YES;
				ENABLE_TESTABILITY = YES;
				GCC_C_LANGUAGE_STANDARD = gnu11;
				GCC_DYNAMIC_NO_PIC = NO;
				GCC_NO_COMMON_BLOCKS = YES;
				GCC_OPTIMIZATION_LEVEL = 0;
				GCC_PREPROCESSOR_DEFINITIONS = (
					"DEBUG=1",
					"$(inherited)",
				);
				GCC_WARN_64_TO_32_BIT_CONVERSION = YES;
				GCC_WARN_ABOUT_RETURN_TYPE = YES_ERROR;
				GCC_WARN_UNDECLARED_SELECTOR = YES;
				GCC_WARN_UNINITIALIZED_AUTOS = YES_AGGRESSIVE;
				GCC_WARN_UNUSED_FUNCTION = YES;
				GCC_WARN_UNUSED_VARIABLE = YES;
				IPHONEOS_DEPLOYMENT_TARGET = 12.1;
				MTL_ENABLE_DEBUG_INFO = INCLUDE_SOURCE;
				MTL_FAST_MATH = YES;
				ONLY_ACTIVE_ARCH = YES;
				SDKROOT = iphoneos;
				SWIFT_ACTIVE_COMPILATION_CONDITIONS = DEBUG;
				SWIFT_OPTIMIZATION_LEVEL = "-Onone";
			};
			name = Debug;
		};
		6C4A222321B3A07700869FCD /* Release */ = {
			isa = XCBuildConfiguration;
			buildSettings = {
				ALWAYS_SEARCH_USER_PATHS = NO;
				CLANG_ANALYZER_NONNULL = YES;
				CLANG_ANALYZER_NUMBER_OBJECT_CONVERSION = YES_AGGRESSIVE;
				CLANG_CXX_LANGUAGE_STANDARD = "gnu++14";
				CLANG_CXX_LIBRARY = "libc++";
				CLANG_ENABLE_MODULES = YES;
				CLANG_ENABLE_OBJC_ARC = YES;
				CLANG_ENABLE_OBJC_WEAK = YES;
				CLANG_WARN_BLOCK_CAPTURE_AUTORELEASING = YES;
				CLANG_WARN_BOOL_CONVERSION = YES;
				CLANG_WARN_COMMA = YES;
				CLANG_WARN_CONSTANT_CONVERSION = YES;
				CLANG_WARN_DEPRECATED_OBJC_IMPLEMENTATIONS = YES;
				CLANG_WARN_DIRECT_OBJC_ISA_USAGE = YES_ERROR;
				CLANG_WARN_DOCUMENTATION_COMMENTS = YES;
				CLANG_WARN_EMPTY_BODY = YES;
				CLANG_WARN_ENUM_CONVERSION = YES;
				CLANG_WARN_INFINITE_RECURSION = YES;
				CLANG_WARN_INT_CONVERSION = YES;
				CLANG_WARN_NON_LITERAL_NULL_CONVERSION = YES;
				CLANG_WARN_OBJC_IMPLICIT_RETAIN_SELF = YES;
				CLANG_WARN_OBJC_LITERAL_CONVERSION = YES;
				CLANG_WARN_OBJC_ROOT_CLASS = YES_ERROR;
				CLANG_WARN_RANGE_LOOP_ANALYSIS = YES;
				CLANG_WARN_STRICT_PROTOTYPES = YES;
				CLANG_WARN_SUSPICIOUS_MOVE = YES;
				CLANG_WARN_UNGUARDED_AVAILABILITY = YES_AGGRESSIVE;
				CLANG_WARN_UNREACHABLE_CODE = YES;
				CLANG_WARN__DUPLICATE_METHOD_MATCH = YES;
				CODE_SIGN_IDENTITY = "iPhone Developer";
				COPY_PHASE_STRIP = NO;
				DEBUG_INFORMATION_FORMAT = "dwarf-with-dsym";
				ENABLE_NS_ASSERTIONS = NO;
				ENABLE_STRICT_OBJC_MSGSEND = YES;
				GCC_C_LANGUAGE_STANDARD = gnu11;
				GCC_NO_COMMON_BLOCKS = YES;
				GCC_WARN_64_TO_32_BIT_CONVERSION = YES;
				GCC_WARN_ABOUT_RETURN_TYPE = YES_ERROR;
				GCC_WARN_UNDECLARED_SELECTOR = YES;
				GCC_WARN_UNINITIALIZED_AUTOS = YES_AGGRESSIVE;
				GCC_WARN_UNUSED_FUNCTION = YES;
				GCC_WARN_UNUSED_VARIABLE = YES;
				IPHONEOS_DEPLOYMENT_TARGET = 12.1;
				MTL_ENABLE_DEBUG_INFO = NO;
				MTL_FAST_MATH = YES;
				SDKROOT = iphoneos;
				SWIFT_COMPILATION_MODE = wholemodule;
				SWIFT_OPTIMIZATION_LEVEL = "-O";
				VALIDATE_PRODUCT = YES;
			};
			name = Release;
		};
		6C4A222521B3A07700869FCD /* Debug */ = {
			isa = XCBuildConfiguration;
			buildSettings = {
				ASSETCATALOG_COMPILER_APPICON_NAME = AppIcon;
				CODE_SIGN_STYLE = Automatic;
				INFOPLIST_FILE = Donations/Info.plist;
				LD_RUNPATH_SEARCH_PATHS = (
					"$(inherited)",
					"@executable_path/Frameworks",
				);
				PRODUCT_BUNDLE_IDENTIFIER = Jessie.Donations;
				PRODUCT_NAME = "$(TARGET_NAME)";
				SWIFT_VERSION = 4.2;
				TARGETED_DEVICE_FAMILY = "1,2";
			};
			name = Debug;
		};
		6C4A222621B3A07700869FCD /* Release */ = {
			isa = XCBuildConfiguration;
			buildSettings = {
				ASSETCATALOG_COMPILER_APPICON_NAME = AppIcon;
				CODE_SIGN_STYLE = Automatic;
				INFOPLIST_FILE = Donations/Info.plist;
				LD_RUNPATH_SEARCH_PATHS = (
					"$(inherited)",
					"@executable_path/Frameworks",
				);
				PRODUCT_BUNDLE_IDENTIFIER = Jessie.Donations;
				PRODUCT_NAME = "$(TARGET_NAME)";
				SWIFT_VERSION = 4.2;
				TARGETED_DEVICE_FAMILY = "1,2";
			};
			name = Release;
		};
		6C4A222821B3A07700869FCD /* Debug */ = {
			isa = XCBuildConfiguration;
			buildSettings = {
				ALWAYS_EMBED_SWIFT_STANDARD_LIBRARIES = YES;
				BUNDLE_LOADER = "$(TEST_HOST)";
				CODE_SIGN_STYLE = Automatic;
				INFOPLIST_FILE = DonationsTests/Info.plist;
				LD_RUNPATH_SEARCH_PATHS = (
					"$(inherited)",
					"@executable_path/Frameworks",
					"@loader_path/Frameworks",
				);
				PRODUCT_BUNDLE_IDENTIFIER = Jessie.DonationsTests;
				PRODUCT_NAME = "$(TARGET_NAME)";
				SWIFT_VERSION = 4.2;
				TARGETED_DEVICE_FAMILY = "1,2";
				TEST_HOST = "$(BUILT_PRODUCTS_DIR)/Donations.app/Donations";
			};
			name = Debug;
		};
		6C4A222921B3A07700869FCD /* Release */ = {
			isa = XCBuildConfiguration;
			buildSettings = {
				ALWAYS_EMBED_SWIFT_STANDARD_LIBRARIES = YES;
				BUNDLE_LOADER = "$(TEST_HOST)";
				CODE_SIGN_STYLE = Automatic;
				INFOPLIST_FILE = DonationsTests/Info.plist;
				LD_RUNPATH_SEARCH_PATHS = (
					"$(inherited)",
					"@executable_path/Frameworks",
					"@loader_path/Frameworks",
				);
				PRODUCT_BUNDLE_IDENTIFIER = Jessie.DonationsTests;
				PRODUCT_NAME = "$(TARGET_NAME)";
				SWIFT_VERSION = 4.2;
				TARGETED_DEVICE_FAMILY = "1,2";
				TEST_HOST = "$(BUILT_PRODUCTS_DIR)/Donations.app/Donations";
			};
			name = Release;
		};
		6C4A222B21B3A07700869FCD /* Debug */ = {
			isa = XCBuildConfiguration;
			buildSettings = {
				ALWAYS_EMBED_SWIFT_STANDARD_LIBRARIES = YES;
				CODE_SIGN_STYLE = Automatic;
				INFOPLIST_FILE = DonationsUITests/Info.plist;
				LD_RUNPATH_SEARCH_PATHS = (
					"$(inherited)",
					"@executable_path/Frameworks",
					"@loader_path/Frameworks",
				);
				PRODUCT_BUNDLE_IDENTIFIER = Jessie.DonationsUITests;
				PRODUCT_NAME = "$(TARGET_NAME)";
				SWIFT_VERSION = 4.2;
				TARGETED_DEVICE_FAMILY = "1,2";
				TEST_TARGET_NAME = Donations;
			};
			name = Debug;
		};
		6C4A222C21B3A07700869FCD /* Release */ = {
			isa = XCBuildConfiguration;
			buildSettings = {
				ALWAYS_EMBED_SWIFT_STANDARD_LIBRARIES = YES;
				CODE_SIGN_STYLE = Automatic;
				INFOPLIST_FILE = DonationsUITests/Info.plist;
				LD_RUNPATH_SEARCH_PATHS = (
					"$(inherited)",
					"@executable_path/Frameworks",
					"@loader_path/Frameworks",
				);
				PRODUCT_BUNDLE_IDENTIFIER = Jessie.DonationsUITests;
				PRODUCT_NAME = "$(TARGET_NAME)";
				SWIFT_VERSION = 4.2;
				TARGETED_DEVICE_FAMILY = "1,2";
				TEST_TARGET_NAME = Donations;
			};
			name = Release;
		};
/* End XCBuildConfiguration section */

/* Begin XCConfigurationList section */
		6C4A21F721B3A07600869FCD /* Build configuration list for PBXProject "Donations" */ = {
			isa = XCConfigurationList;
			buildConfigurations = (
				6C4A222221B3A07700869FCD /* Debug */,
				6C4A222321B3A07700869FCD /* Release */,
			);
			defaultConfigurationIsVisible = 0;
			defaultConfigurationName = Release;
		};
		6C4A222421B3A07700869FCD /* Build configuration list for PBXNativeTarget "Donations" */ = {
			isa = XCConfigurationList;
			buildConfigurations = (
				6C4A222521B3A07700869FCD /* Debug */,
				6C4A222621B3A07700869FCD /* Release */,
			);
			defaultConfigurationIsVisible = 0;
			defaultConfigurationName = Release;
		};
		6C4A222721B3A07700869FCD /* Build configuration list for PBXNativeTarget "DonationsTests" */ = {
			isa = XCConfigurationList;
			buildConfigurations = (
				6C4A222821B3A07700869FCD /* Debug */,
				6C4A222921B3A07700869FCD /* Release */,
			);
			defaultConfigurationIsVisible = 0;
			defaultConfigurationName = Release;
		};
		6C4A222A21B3A07700869FCD /* Build configuration list for PBXNativeTarget "DonationsUITests" */ = {
			isa = XCConfigurationList;
			buildConfigurations = (
				6C4A222B21B3A07700869FCD /* Debug */,
				6C4A222C21B3A07700869FCD /* Release */,
			);
			defaultConfigurationIsVisible = 0;
			defaultConfigurationName = Release;
		};
/* End XCConfigurationList section */
	};
	rootObject = 6C4A21F421B3A07600869FCD /* Project object */;
}
